
Microsoft Visual Studio Solution File, Format Version 12.00
# Visual Studio Version 16
VisualStudioVersion = 16.0.31019.35
MinimumVisualStudioVersion = 10.0.40219.1
Project("{FAE04EC0-301F-11D3-BF4B-00C04F79EFBC}") = "WebApplication4", "WebApplication4\WebApplication4.csproj", "{1D215EDD-0F0C-437F-BF0E-51FC62D07F23}"
EndProject
Global
	GlobalSection(SolutionConfigurationPlatforms) = preSolution
		Debug|Any CPU = Debug|Any CPU
		Release|Any CPU = Release|Any CPU
	EndGlobalSection
	GlobalSection(ProjectConfigurationPlatforms) = postSolution
		{1D215EDD-0F0C-437F-BF0E-51FC62D07F23}.Debug|Any CPU.ActiveCfg = Debug|Any CPU
		{1D215EDD-0F0C-437F-BF0E-51FC62D07F23}.Debug|Any CPU.Build.0 = Debug|Any CPU
		{1D215EDD-0F0C-437F-BF0E-51FC62D07F23}.Release|Any CPU.ActiveCfg = Release|Any CPU
		{1D215EDD-0F0C-437F-BF0E-51FC62D07F23}.Release|Any CPU.Build.0 = Release|Any CPU
	EndGlobalSection
	GlobalSection(SolutionProperties) = preSolution
		HideSolutionNode = FALSE
	EndGlobalSection
	GlobalSection(ExtensibilityGlobals) = postSolution
		SolutionGuid = {364D3CD9-DA2B-418E-892A-0D8D571316B9}
	EndGlobalSection
EndGlobal
